github.com/bowman2001/hugo-mod-error-message v0.4.0 h1:QlK4NdpZ0W42T0pC1UjXNs/oxRhYagnY1x0TI4Hs31g=
github.com/bowman2001/hugo-mod-error-message v0.4.0/go.mod h1:qOtBS8WaRgnWHFVWXqvah1V2bYYWX4sUD7l524QJrgU=
github.com/bowman2001/hugo-mod-katex v0.2.4 h1:ahvjoEVVIVC/kURc7AFS0+zJCGPBPj/y3gxDkFIXbXs=
github.com/bowman2001/hugo-mod-katex v0.2.4/go.mod h1:3E5XXqk4Mn5Pll6skKVOcNRwRzzCvayNXCeyXgEx4W0=
github.com/bowman2001/hugo-mod-material-symbols v0.0.0-20240224173758-bb1231575d7e h1:L6z3bBj570ZNQ6VfpI1VMia+uj2GkGLs7eySqPxPFu0=
github.com/bowman2001/hugo-mod-material-symbols v0.0.0-20240224173758-bb1231575d7e/go.mod h1:FncDf3/buO83ITNgcuPsVgb2Qg19+ia2q8qhMlbwKdc=
github.com/bowman2001/hugo-mod-mermaid v0.4.2 h1:r6BFnUJtIHodQg6NCtis1FxDRczGZmRc4YxRcWXHp4Q=
github.com/bowman2001/hugo-mod-mermaid v0.4.2/go.mod h1:+HDKjEKHuCE2cnRX4ZsOKXeiL0gCSHpmxORycHS/+pw=
github.com/bowman2001/hugo-mod-meta v0.2.3 h1:7Vi1KcaeBe8B1iohl/5TkrH/jQuS8KN0/yczLqHD3Rg=
github.com/bowman2001/hugo-mod-meta v0.2.3/go.mod h1:zVmeyy6n09TU/R/dJLT1xAjgK4LxkvNrZI5197LknjE=
github.com/bowman2001/hugo-mod-open-in-vscode/v2 v2.0.5 h1:GCN+xpVFAc2uNNmKIJve//fkye/YO/HmIIvznq1+Zjs=
github.com/bowman2001/hugo-mod-open-in-vscode/v2 v2.0.5/go.mod h1:6rYcManwuTOvqy2DSUiVfja9Yg8CPVg6mxBYZN6D6I0=
github.com/bowman2001/hugo-mod-pangram v0.0.0-20230803153646-6851d0e94236 h1:dpQ/1Ue1X8xYw00zZNM9QPNIaAwvLU4Wq4FjkBapkrY=
github.com/bowman2001/hugo-mod-pangram v0.0.0-20230803153646-6851d0e94236/go.mod h1:p26SPxvC7Q7pLpgX+qS0qicq8Nck5ewwSkS6IfzF3kM=
github.com/bowman2001/hugo-mod-replacements v0.4.0 h1:gGuzezZw9qffFaoSf5aq9A3qy4Afs/3fsi6ii0aynxE=
github.com/bowman2001/hugo-mod-replacements v0.4.0/go.mod h1:Vg5hGRv/wKkyGAd06BM4sXbNXNZl9PKnpVCYLhYcTWc=
github.com/bowman2001/hugo-mod-simple-icons v0.0.0-20240117184956-cb6747bed09b h1:7Qq6Ut3ObR8VJnT5v4BWhnd4QW6oXgKzkNt1JcfeBcY=
github.com/bowman2001/hugo-mod-simple-icons v0.0.0-20240117184956-cb6747bed09b/go.mod h1:VYsc/Eirw/18yQjkxduLrh7IhNHYQR4YDRaKcMMS9Nk=
github.com/bowman2001/hugo-mod-wrap v0.0.0-20230803072025-a10a9f082aac h1:KTrUsCHyIzHIEMRd5jMF+xSWDorNHXaZM5AvMtPo1ag=
github.com/bowman2001/hugo-mod-wrap v0.0.0-20230803072025-a10a9f082aac/go.mod h1:ZfmKGlg5a3bwwe910xjoOWabsyuWidnuUzLOS2gO6iU=
github.com/dacjames/hugo-mod-image v0.0.0-20250427023025-212f834c247c h1:pCmN3+ab/GhhEfipwYUNxVQfGiiwBHH4Bw7EQz6/QP0=
github.com/dacjames/hugo-mod-image v0.0.0-20250427023025-212f834c247c/go.mod h1:GyPGJcP61fBs8e0Oetilp0yy0rxDf3hcnO3MwIUhHoU=
github.com/dacjames/hugo-mod-resource v0.0.0-20250427022513-d12a1734e31b h1:hu+XCZ/azFf6p7/Mshj0E7aUYznnIigir0o7Bi8+Sgc=
github.com/dacjames/hugo-mod-resource v0.0.0-20250427022513-d12a1734e31b/go.mod h1:O/dASY73KLpk5wDzjJ8VwuP+eCwFrctOkrMUw+9zzt4=
github.com/dacjames/perplex v0.20.7 h1:Rz29P4WapsRrwINtyQPCI1VLoI3KZifsJFWFTkvUsqE=
github.com/dacjames/perplex v0.20.7/go.mod h1:yahbm/hZ+Kh17c1UjqGrx4rTyE0vih8m+Rg7QyIHM3A=
github.com/dacjames/perplex v0.20.8 h1:w5kAfkgkopVpLduUGd5IGIs4BOvyH+3VL5wsKFDhZow=
github.com/dacjames/perplex v0.20.8/go.mod h1:NVnuqmndwWOOEtTmX6bBDP3AUTgaBAi5uUNyb8N8SXE=
